<Solution>
  <Folder Name="/src/">
    <Project Path="src/APITemplate.Api/APITemplate.Api.csproj" />
    <Project Path="src/APITemplate.Application/APITemplate.Application.csproj" />
    <Project Path="src/APITemplate.Domain/APITemplate.Domain.csproj" />
    <Project Path="src/APITemplate.Infrastructure/APITemplate.Infrastructure.csproj" />
  </Folder>
  <Folder Name="/tests/">
    <Project Path="tests/APITemplate.Tests/APITemplate.Tests.csproj" />
  </Folder>
</Solution>
